version = 1
revision = 3
requires-python = ">=3.14"
resolution-markers = [
    "sys_platform != 'emscripten'",
    "sys_platform == 'emscripten'",
]

[[package]]
name = "cffi"
version = "2.0.0"
source = { registry = "https://pypi.org/simple" }
dependencies = [
    { name = "pycparser", marker = "implementation_name != 'PyPy'" },
]
sdist = { url = "https://files.pythonhosted.org/packages/eb/56/b1ba7935a17738ae8453301356628e8147c79dbb825bcbc73dc7401f9846/cffi-2.0.0.tar.gz", hash = "sha256:44d1b5909021139fe36001ae048dbdde8214afa20200eda0f64c068cac5d5529", size = 523588, upload-time = "2025-09-08T23:24:04.541Z" }
wheels = [
    { url = "https://files.pythonhosted.org/packages/92/c4/3ce07396253a83250ee98564f8d7e9789fab8e58858f35d07a9a2c78de9f/cffi-2.0.0-cp314-cp314-macosx_10_13_x86_64.whl", hash = "sha256:fc33c5141b55ed366cfaad382df24fe7dcbc686de5be719b207bb248e3053dc5", size = 185320, upload-time = "2025-09-08T23:23:18.087Z" },
    { url = "https://files.pythonhosted.org/packages/59/dd/27e9fa567a23931c838c6b02d0764611c62290062a6d4e8ff7863daf9730/cffi-2.0.0-cp314-cp314-macosx_11_0_arm64.whl", hash = "sha256:c654de545946e0db659b3400168c9ad31b5d29593291482c43e3564effbcee13", size = 181487, upload-time = "2025-09-08T23:23:19.622Z" },
    { url = "https://files.pythonhosted.org/packages/d6/43/0e822876f87ea8a4ef95442c3d766a06a51fc5298823f884ef87aaad168c/cffi-2.0.0-cp314-cp314-manylinux2014_aarch64.manylinux_2_17_aarch64.whl", hash = "sha256:24b6f81f1983e6df8db3adc38562c83f7d4a0c36162885ec7f7b77c7dcbec97b", size = 220049, upload-time = "2025-09-08T23:23:20.853Z" },
    { url = "https://files.pythonhosted.org/packages/b4/89/76799151d9c2d2d1ead63c2429da9ea9d7aac304603de0c6e8764e6e8e70/cffi-2.0.0-cp314-cp314-manylinux2014_ppc64le.manylinux_2_17_ppc64le.whl", hash = "sha256:12873ca6cb9b0f0d3a0da705d6086fe911591737a59f28b7936bdfed27c0d47c", size = 207793, upload-time = "2025-09-08T23:23:22.08Z" },
    { url = "https://files.pythonhosted.org/packages/bb/dd/3465b14bb9e24ee24cb88c9e3730f6de63111fffe513492bf8c808a3547e/cffi-2.0.0-cp314-cp314-manylinux2014_s390x.manylinux_2_17_s390x.whl", hash = "sha256:d9b97165e8aed9272a6bb17c01e3cc5871a594a446ebedc996e2397a1c1ea8ef", size = 206300, upload-time = "2025-09-08T23:23:23.314Z" },
    { url = "https://files.pythonhosted.org/packages/47/d9/d83e293854571c877a92da46fdec39158f8d7e68da75bf73581225d28e90/cffi-2.0.0-cp314-cp314-manylinux2014_x86_64.manylinux_2_17_x86_64.whl", hash = "sha256:afb8db5439b81cf9c9d0c80404b60c3cc9c3add93e114dcae767f1477cb53775", size = 219244, upload-time = "2025-09-08T23:23:24.541Z" },
    { url = "https://files.pythonhosted.org/packages/2b/0f/1f177e3683aead2bb00f7679a16451d302c436b5cbf2505f0ea8146ef59e/cffi-2.0.0-cp314-cp314-musllinux_1_2_aarch64.whl", hash = "sha256:737fe7d37e1a1bffe70bd5754ea763a62a066dc5913ca57e957824b72a85e205", size = 222828, upload-time = "2025-09-08T23:23:26.143Z" },
    { url = "https://files.pythonhosted.org/packages/c6/0f/cafacebd4b040e3119dcb32fed8bdef8dfe94da653155f9d0b9dc660166e/cffi-2.0.0-cp314-cp314-musllinux_1_2_x86_64.whl", hash = "sha256:38100abb9d1b1435bc4cc340bb4489635dc2f0da7456590877030c9b3d40b0c1", size = 220926, upload-time = "2025-09-08T23:23:27.873Z" },
    { url = "https://files.pythonhosted.org/packages/3e/aa/df335faa45b395396fcbc03de2dfcab242cd61a9900e914fe682a59170b1/cffi-2.0.0-cp314-cp314-win32.whl", hash = "sha256:087067fa8953339c723661eda6b54bc98c5625757ea62e95eb4898ad5e776e9f", size = 175328, upload-time = "2025-09-08T23:23:44.61Z" },
    { url = "https://files.pythonhosted.org/packages/bb/92/882c2d30831744296ce713f0feb4c1cd30f346ef747b530b5318715cc367/cffi-2.0.0-cp314-cp314-win_amd64.whl", hash = "sha256:203a48d1fb583fc7d78a4c6655692963b860a417c0528492a6bc21f1aaefab25", size = 185650, upload-time = "2025-09-08T23:23:45.848Z" },
    { url = "https://files.pythonhosted.org/packages/9f/2c/98ece204b9d35a7366b5b2c6539c350313ca13932143e79dc133ba757104/cffi-2.0.0-cp314-cp314-win_arm64.whl", hash = "sha256:dbd5c7a25a7cb98f5ca55d258b103a2054f859a46ae11aaf23134f9cc0d356ad", size = 180687, upload-time = "2025-09-08T23:23:47.105Z" },
    { url = "https://files.pythonhosted.org/packages/3e/61/c768e4d548bfa607abcda77423448df8c471f25dbe64fb2ef6d555eae006/cffi-2.0.0-cp314-cp314t-macosx_10_13_x86_64.whl", hash = "sha256:9a67fc9e8eb39039280526379fb3a70023d77caec1852002b4da7e8b270c4dd9", size = 188773, upload-time = "2025-09-08T23:23:29.347Z" },
    { url = "https://files.pythonhosted.org/packages/2c/ea/5f76bce7cf6fcd0ab1a1058b5af899bfbef198bea4d5686da88471ea0336/cffi-2.0.0-cp314-cp314t-macosx_11_0_arm64.whl", hash = "sha256:7a66c7204d8869299919db4d5069a82f1561581af12b11b3c9f48c584eb8743d", size = 185013, upload-time = "2025-09-08T23:23:30.63Z" },
    { url = "https://files.pythonhosted.org/packages/be/b4/c56878d0d1755cf9caa54ba71e5d049479c52f9e4afc230f06822162ab2f/cffi-2.0.0-cp314-cp314t-manylinux2014_aarch64.manylinux_2_17_aarch64.whl", hash = "sha256:7cc09976e8b56f8cebd752f7113ad07752461f48a58cbba644139015ac24954c", size = 221593, upload-time = "2025-09-08T23:23:31.91Z" },
    { url = "https://files.pythonhosted.org/packages/e0/0d/eb704606dfe8033e7128df5e90fee946bbcb64a04fcdaa97321309004000/cffi-2.0.0-cp314-cp314t-manylinux2014_ppc64le.manylinux_2_17_ppc64le.whl", hash = "sha256:92b68146a71df78564e4ef48af17551a5ddd142e5190cdf2c5624d0c3ff5b2e8", size = 209354, upload-time = "2025-09-08T23:23:33.214Z" },
    { url = "https://files.pythonhosted.org/packages/d8/19/3c435d727b368ca475fb8742ab97c9cb13a0de600ce86f62eab7fa3eea60/cffi-2.0.0-cp314-cp314t-manylinux2014_s390x.manylinux_2_17_s390x.whl", hash = "sha256:b1e74d11748e7e98e2f426ab176d4ed720a64412b6a15054378afdb71e0f37dc", size = 208480, upload-time = "2025-09-08T23:23:34.495Z" },
    { url = "https://files.pythonhosted.org/packages/d0/44/681604464ed9541673e486521497406fadcc15b5217c3e326b061696899a/cffi-2.0.0-cp314-cp314t-manylinux2014_x86_64.manylinux_2_17_x86_64.whl", hash = "sha256:28a3a209b96630bca57cce802da70c266eb08c6e97e5afd61a75611ee6c64592", size = 221584, upload-time = "2025-09-08T23:23:36.096Z" },
    { url = "https://files.pythonhosted.org/packages/25/8e/342a504ff018a2825d395d44d63a767dd8ebc927ebda557fecdaca3ac33a/cffi-2.0.0-cp314-cp314t-musllinux_1_2_aarch64.whl", hash = "sha256:7553fb2090d71822f02c629afe6042c299edf91ba1bf94951165613553984512", size = 224443, upload-time = "2025-09-08T23:23:37.328Z" },
    { url = "https://files.pythonhosted.org/packages/e1/5e/b666bacbbc60fbf415ba9988324a132c9a7a0448a9a8f125074671c0f2c3/cffi-2.0.0-cp314-cp314t-musllinux_1_2_x86_64.whl", hash = "sha256:6c6c373cfc5c83a975506110d17457138c8c63016b563cc9ed6e056a82f13ce4", size = 223437, upload-time = "2025-09-08T23:23:38.945Z" },
    { url = "https://files.pythonhosted.org/packages/a0/1d/ec1a60bd1a10daa292d3cd6bb0b359a81607154fb8165f3ec95fe003b85c/cffi-2.0.0-cp314-cp314t-win32.whl", hash = "sha256:1fc9ea04857caf665289b7a75923f2c6ed559b8298a1b8c49e59f7dd95c8481e", size = 180487, upload-time = "2025-09-08T23:23:40.423Z" },
    { url = "https://files.pythonhosted.org/packages/bf/41/4c1168c74fac325c0c8156f04b6749c8b6a8f405bbf91413ba088359f60d/cffi-2.0.0-cp314-cp314t-win_amd64.whl", hash = "sha256:d68b6cef7827e8641e8ef16f4494edda8b36104d79773a334beaa1e3521430f6", size = 191726, upload-time = "2025-09-08T23:23:41.742Z" },
    { url = "https://files.pythonhosted.org/packages/ae/3a/dbeec9d1ee0844c679f6bb5d6ad4e9f198b1224f4e7a32825f47f6192b0c/cffi-2.0.0-cp314-cp314t-win_arm64.whl", hash = "sha256:0a1527a803f0a659de1af2e1fd700213caba79377e27e4693648c2923da066f9", size = 184195, upload-time = "2025-09-08T23:23:43.004Z" },
]

[[package]]
name = "esper"
version = "3.4"
source = { registry = "https://pypi.org/simple" }
sdist = { url = "https://files.pythonhosted.org/packages/b6/3f/de53150c9ef43d1211ac40184a0908186df7b5b3c77237fe696175761638/esper-3.4.tar.gz", hash = "sha256:56ac0f4886c2c07f3ac093922d1424405614ad30afd2847fe6fa85a3a0ec5b81", size = 33513, upload-time = "2025-04-04T06:39:30.677Z" }
wheels = [
    { url = "https://files.pythonhosted.org/packages/83/0b/e195fedd8f085026b20c568d210585150368986a03bd3422a31ceeb3b9ac/esper-3.4-py3-none-any.whl", hash = "sha256:5e4e41fdde1ff104eacf6cb9638272399b2ca5b7d1c3845cf9047d214c5cbfa3", size = 13503, upload-time = "2025-04-04T06:39:28.708Z" },
]

[[package]]
name = "pycparser"
version = "2.23"
source = { registry = "https://pypi.org/simple" }
sdist = { url = "https://files.pythonhosted.org/packages/fe/cf/d2d3b9f5699fb1e4615c8e32ff220203e43b248e1dfcc6736ad9057731ca/pycparser-2.23.tar.gz", hash = "sha256:78816d4f24add8f10a06d6f05b4d424ad9e96cfebf68a4ddc99c65c0720d00c2", size = 173734, upload-time = "2025-09-09T13:23:47.91Z" }
wheels = [
    { url = "https://files.pythonhosted.org/packages/a0/e3/59cd50310fc9b59512193629e1984c1f95e5c8ae6e5d8c69532ccc65a7fe/pycparser-2.23-py3-none-any.whl", hash = "sha256:e5c6e8d3fbad53479cab09ac03729e0a9faf2bee3db8208a550daf5af81a5934", size = 118140, upload-time = "2025-09-09T13:23:46.651Z" },
]

[[package]]
name = "pymunk"
version = "7.2.0"
source = { registry = "https://pypi.org/simple" }
dependencies = [
    { name = "cffi" },
]
wheels = [
    { url = "https://files.pythonhosted.org/packages/4c/63/4d7a10d3b264be29126c21f1bf940ad22901e3d26c64b314c50d27cc718c/pymunk-7.2.0-cp314-cp314-macosx_10_15_x86_64.whl", hash = "sha256:8196efee84ee14bdc25d6ba01ccfcaa7b4303ebea6a985df4a920c8ec2b422cb", size = 370342, upload-time = "2025-11-02T18:44:55.674Z" },
    { url = "https://files.pythonhosted.org/packages/6d/e7/c36c2df4582bd7b515d49f91e171ef841dc1ae038e50c3faf412157b4d12/pymunk-7.2.0-cp314-cp314-macosx_11_0_arm64.whl", hash = "sha256:497c4a919fc7f03882cb9796b132ab3b5fcc4c4af9ead08e9631b6a9fb2da29c", size = 350532, upload-time = "2025-11-02T18:45:08.437Z" },
    { url = "https://files.pythonhosted.org/packages/18/88/e6a5247ab6ebfd80735255a05e18d287b45a5e467d0f1404c78e96a507e3/pymunk-7.2.0-cp314-cp314-manylinux2014_aarch64.manylinux_2_17_aarch64.manylinux_2_28_aarch64.whl", hash = "sha256:4e3b1fa6b1813dcc2f849202b2bec9b7ec482545baefaf20ab780078c1672787", size = 991695, upload-time = "2025-11-02T18:46:33.231Z" },
    { url = "https://files.pythonhosted.org/packages/1f/f3/d6a5565ddb76501a83d596e515b8c6e3b2b3452badae7a906087a25dad99/pymunk-7.2.0-cp314-cp314-manylinux2014_x86_64.manylinux_2_17_x86_64.manylinux_2_28_x86_64.whl", hash = "sha256:60d006a1715d72f2588912eef398fff688fa1e0e829a6bdfd41b2c1ecbc2dfd2", size = 1015211, upload-time = "2025-11-02T18:47:07.81Z" },
    { url = "https://files.pythonhosted.org/packages/83/1f/db35c7b6a27a2445516e2a82e5e83ac2074bf5b384992c7e26c7a839e769/pymunk-7.2.0-cp314-cp314-musllinux_1_2_aarch64.whl", hash = "sha256:5fe268c368231f7bdfd5e604cc9d35ac7c354ca314e87aa0e9bbfe76f1220ebe", size = 988189, upload-time = "2025-11-02T18:46:35.783Z" },
    { url = "https://files.pythonhosted.org/packages/ff/f4/fa78d475a4ac2a21a2b4a360bf51f3fa3ef5197b1a580349edccd7df37cb/pymunk-7.2.0-cp314-cp314-musllinux_1_2_x86_64.whl", hash = "sha256:906727631afc30b2e7fea7b18cabe4ef1d5031263e9726e44b7edfb11f053d37", size = 1014409, upload-time = "2025-11-02T18:47:10.942Z" },
    { url = "https://files.pythonhosted.org/packages/eb/5e/4aa007a14720c6c26e1a2fb20fb3e54523770066f5c6be5695265bdf526f/pymunk-7.2.0-cp314-cp314-win32.whl", hash = "sha256:17f9ae8851aed0128ccd9e892f9f89cc16be8aa96c675cbe616e707ac31b65ed", size = 321669, upload-time = "2025-11-02T18:47:33.087Z" },
    { url = "https://files.pythonhosted.org/packages/08/d5/c6c5903ab58f49babc70a2eb227d67dab71b37898f8c3cf0df0d27f7c6c5/pymunk-7.2.0-cp314-cp314-win_amd64.whl", hash = "sha256:8e6ac2d25254f3f85361e1845ca779fabf4208ba934e2f144292e7596334ae2b", size = 372418, upload-time = "2025-11-02T18:47:34.631Z" },
]

[[package]]
name = "pyxel"
version = "2.5.10"
source = { registry = "https://pypi.org/simple" }
wheels = [
    { url = "https://files.pythonhosted.org/packages/6a/19/076005a0fc3dcf480168180d35de2c2a7fcccfef304a41336683988ce40c/pyxel-2.5.10-cp38-abi3-macosx_10_12_x86_64.whl", hash = "sha256:01c269412590c7e16fc72d46f458ef5485ff44b65fedb35067b72a54d7b9eab7", size = 4848394, upload-time = "2025-11-07T04:20:40.453Z" },
    { url = "https://files.pythonhosted.org/packages/58/27/0e5a2d7cda492512a84a51bdd1ec1d067a5caaadf584bcc2ebe56c2d6b0e/pyxel-2.5.10-cp38-abi3-macosx_11_0_arm64.whl", hash = "sha256:fe03ff991041bac996f5e009cf43f0f052cc301538d6447464b6f1f5c41810c5", size = 4566797, upload-time = "2025-11-07T04:20:42.967Z" },
    { url = "https://files.pythonhosted.org/packages/0e/6f/03bcf5c7ebb766c5d98ace656e3d996462cf307d2d29a7001952a14a0687/pyxel-2.5.10-cp38-abi3-manylinux_2_17_aarch64.manylinux2014_aarch64.whl", hash = "sha256:80af2745d7363c282f50b00d3c3a9b7b95f55892b471329d88d53bfb86868e39", size = 4297614, upload-time = "2025-11-07T04:20:44.695Z" },
    { url = "https://files.pythonhosted.org/packages/bf/ed/b491d0cf89ddcdfa5276048b358dffd3ab694f92f20080bdb9bee71f325e/pyxel-2.5.10-cp38-abi3-manylinux_2_17_armv7l.manylinux2014_armv7l.whl", hash = "sha256:c720563f3d850c3a1ed498eaf9137ea54802d786c82f4073434741b13c60630b", size = 4306947, upload-time = "2025-11-07T04:20:46.654Z" },
    { url = "https://files.pythonhosted.org/packages/e8/07/d2f110899d93ed91cef452aaf255b9bc672be9b2210964ef3ede073729e4/pyxel-2.5.10-cp38-abi3-manylinux_2_17_i686.manylinux2014_i686.whl", hash = "sha256:6552d43c53a6792e382d2df51ab7085a8f2dd5143bfac3be7f19ecea98dd8d4c", size = 4741179, upload-time = "2025-11-07T04:20:48.281Z" },
    { url = "https://files.pythonhosted.org/packages/58/d1/b335362714e68d2695f2bc30056514efbafb1a7cfb0bf24a5cf769f985df/pyxel-2.5.10-cp38-abi3-manylinux_2_17_x86_64.manylinux2014_x86_64.whl", hash = "sha256:dc70a3e118d21069deeec5f2803dd9e332ace556a69c177de2c8a60a1257ad2c", size = 4476801, upload-time = "2025-11-07T04:20:49.864Z" },
    { url = "https://files.pythonhosted.org/packages/7f/6a/60b918408c0d09378222f10f91f6fd4d988d625339926aabc8938eb42d21/pyxel-2.5.10-cp38-abi3-win32.whl", hash = "sha256:aa7d65c4426965cc1c54efd42ce733d9b305c30f8b29730276c72fb86a7e73a3", size = 4340226, upload-time = "2025-11-07T04:20:51.047Z" },
    { url = "https://files.pythonhosted.org/packages/98/00/4d815a91cd80794f5f940a14fd07df1c35ba1e5fccc3d350da3f20022b2e/pyxel-2.5.10-cp38-abi3-win_amd64.whl", hash = "sha256:57a54d2a4126803011f394b86563c813591417707e98db7211b01f1d14095639", size = 4519755, upload-time = "2025-11-07T04:20:52.687Z" },
]

[[package]]
name = "pyxel-test"
version = "0.1.0"
source = { virtual = "." }
dependencies = [
    { name = "esper" },
    { name = "pymunk" },
    { name = "pyxel" },
]

[package.metadata]
requires-dist = [
    { name = "esper", specifier = ">=3.4" },
    { name = "pymunk", specifier = ">=7.2.0" },
    { name = "pyxel", specifier = ">=2.5.10" },
]
